
Microsoft Visual Studio Solution File, Format Version 12.00
# Visual Studio Version 16
VisualStudioVersion = 16.0.30413.136
MinimumVisualStudioVersion = 10.0.40219.1
Project("{FAE04EC0-301F-11D3-BF4B-00C04F79EFBC}") = "Barkod ve Envanter Sayım", "Barkod ve Envanter Sayım\Barkod ve Envanter Sayım.csproj", "{C9709064-4059-4B33-804F-82CE4619170D}"
EndProject
Global
	GlobalSection(SolutionConfigurationPlatforms) = preSolution
		Debug|Any CPU = Debug|Any CPU
		Release|Any CPU = Release|Any CPU
	EndGlobalSection
	GlobalSection(ProjectConfigurationPlatforms) = postSolution
		{C9709064-4059-4B33-804F-82CE4619170D}.Debug|Any CPU.ActiveCfg = Debug|Any CPU
		{C9709064-4059-4B33-804F-82CE4619170D}.Debug|Any CPU.Build.0 = Debug|Any CPU
		{C9709064-4059-4B33-804F-82CE4619170D}.Release|Any CPU.ActiveCfg = Release|Any CPU
		{C9709064-4059-4B33-804F-82CE4619170D}.Release|Any CPU.Build.0 = Release|Any CPU
	EndGlobalSection
	GlobalSection(SolutionProperties) = preSolution
		HideSolutionNode = FALSE
	EndGlobalSection
	GlobalSection(ExtensibilityGlobals) = postSolution
		SolutionGuid = {D082E09A-A55E-4161-A974-34C24F8F5153}
	EndGlobalSection
EndGlobal
